{
  "name": "bullhorn-api",
  "version": "1.0.1",
  "lockfileVersion": 1,
  "requires": true,
  "dependencies": {
    "fetch-register": {
      "version": "1.2.0",
      "resolved": "https://registry.npmjs.org/fetch-register/-/fetch-register-1.2.0.tgz",
      "integrity": "sha512-NOF9xp7vTqwr96ivsmFlVQ/TpsIh+6rJIN6VjERJXlXDAbqDLM3Uia1CIht1z8u1c0OHmPgeX/v3ezwDi1oNZQ==",
      "requires": {
        "node-fetch": "^2.3.0"
      }
    },
    "node-fetch": {
      "version": "2.3.0",
      "resolved": "https://registry.npmjs.org/node-fetch/-/node-fetch-2.3.0.tgz",
      "integrity": "sha512-MOd8pV3fxENbryESLgVIeaGKrdl+uaYhCSSVkjeOb/31/njTpcis5aWfdqgNlHIrKOLRbMnfPINPOML2CIFeXA=="
    }
  }
}
